Microsoft Visual Studio Solution File, Format Version 12.00
# Visual Studio 14
VisualStudioVersion = 14.0.24720.0
MinimumVisualStudioVersion = 10.0.40219.1
Project("{FAE04EC0-301F-11D3-BF4B-00C04F79EFBC}") = "ChatLibrary", "ChatLibrary\ChatLibrary.csproj", "{C037A5E7-6386-4952-92F9-CA83B4C69A4B}"
EndProject
Project("{FAE04EC0-301F-11D3-BF4B-00C04F79EFBC}") = "WpfServer", "WpfServer\WpfServer.csproj", "{5F1F2B4C-A910-481C-AB6E-5FC53BA3DE58}"
EndProject
Project("{FAE04EC0-301F-11D3-BF4B-00C04F79EFBC}") = "WpfClient", "WpfClient\WpfClient.csproj", "{AF9E1B67-0F55-472A-8B86-B7512FB8A9F6}"
EndProject
Global
	GlobalSection(SolutionConfigurationPlatforms) = preSolution
		Debug|Any CPU = Debug|Any CPU
		Release|Any CPU = Release|Any CPU
	EndGlobalSection
	GlobalSection(ProjectConfigurationPlatforms) = postSolution
		{C037A5E7-6386-4952-92F9-CA83B4C69A4B}.Debug|Any CPU.ActiveCfg = Debug|Any CPU
		{C037A5E7-6386-4952-92F9-CA83B4C69A4B}.Debug|Any CPU.Build.0 = Debug|Any CPU
		{C037A5E7-6386-4952-92F9-CA83B4C69A4B}.Release|Any CPU.ActiveCfg = Release|Any CPU
		{C037A5E7-6386-4952-92F9-CA83B4C69A4B}.Release|Any CPU.Build.0 = Release|Any CPU
		{5F1F2B4C-A910-481C-AB6E-5FC53BA3DE58}.Debug|Any CPU.ActiveCfg = Debug|Any CPU
		{5F1F2B4C-A910-481C-AB6E-5FC53BA3DE58}.Debug|Any CPU.Build.0 = Debug|Any CPU
		{5F1F2B4C-A910-481C-AB6E-5FC53BA3DE58}.Release|Any CPU.ActiveCfg = Release|Any CPU
		{5F1F2B4C-A910-481C-AB6E-5FC53BA3DE58}.Release|Any CPU.Build.0 = Release|Any CPU
		{AF9E1B67-0F55-472A-8B86-B7512FB8A9F6}.Debug|Any CPU.ActiveCfg = Debug|Any CPU
		{AF9E1B67-0F55-472A-8B86-B7512FB8A9F6}.Debug|Any CPU.Build.0 = Debug|Any CPU
		{AF9E1B67-0F55-472A-8B86-B7512FB8A9F6}.Release|Any CPU.ActiveCfg = Release|Any CPU
		{AF9E1B67-0F55-472A-8B86-B7512FB8A9F6}.Release|Any CPU.Build.0 = Release|Any CPU
	EndGlobalSection
	GlobalSection(SolutionProperties) = preSolution
		HideSolutionNode = FALSE
	EndGlobalSection
EndGlobal
